
Microsoft Visual Studio Solution File, Format Version 12.00
# Visual Studio 14
VisualStudioVersion = 14.0.25420.1
MinimumVisualStudioVersion = 10.0.40219.1
Project("{FAE04EC0-301F-11D3-BF4B-00C04F79EFBC}") = "Permanence", "Permanence\Permanence.csproj", "{097D94BD-0B2C-4AC5-AD8D-D2C3DFB5979E}"
EndProject
Project("{2150E333-8FDC-42A3-9474-1A3956D46DE8}") = "Solution Items", "Solution Items", "{35670B11-2981-40FB-B434-32EEE89FB25D}"
	ProjectSection(SolutionItems) = preProject
		style.css = style.css
	EndProjectSection
EndProject
Global
	GlobalSection(SolutionConfigurationPlatforms) = preSolution
		Debug|Any CPU = Debug|Any CPU
		Release|Any CPU = Release|Any CPU
	EndGlobalSection
	GlobalSection(ProjectConfigurationPlatforms) = postSolution
		{097D94BD-0B2C-4AC5-AD8D-D2C3DFB5979E}.Debug|Any CPU.ActiveCfg = Debug|Any CPU
		{097D94BD-0B2C-4AC5-AD8D-D2C3DFB5979E}.Debug|Any CPU.Build.0 = Debug|Any CPU
		{097D94BD-0B2C-4AC5-AD8D-D2C3DFB5979E}.Release|Any CPU.ActiveCfg = Release|Any CPU
		{097D94BD-0B2C-4AC5-AD8D-D2C3DFB5979E}.Release|Any CPU.Build.0 = Release|Any CPU
	EndGlobalSection
	GlobalSection(SolutionProperties) = preSolution
		HideSolutionNode = FALSE
	EndGlobalSection
EndGlobal
